{
  "requires": true,
  "lockfileVersion": 1,
  "dependencies": {
    "if-range": {
      "version": "0.0.2",
      "resolved": "http://localhost:4873/if-range/-/if-range-0.0.2.tgz",
      "integrity": "sha512-zt4ObZ3E4v3YrGLxlJGZgxAMTEu3+0HWf4teyc+xieAfBXY6anehAI2HAlw5SmfAT78x+7fKIHqcTb0N8n/LoA=="
    }
  }
}
