{
  "requires": true,
  "lockfileVersion": 1,
  "dependencies": {
    "if-range": {
      "version": "0.0.1",
      "resolved": "http://localhost:4873/if-range/-/if-range-0.0.1.tgz",
      "integrity": "sha512-9Wtip97JlnOaNHVbbcfl2ZM4VEhVchT69neDpxK+DqR2/B7Iat5HJbWiokrw51oxvkAuc4jT8tcRIS5QGt98xA=="
    }
  }
}
