{
  "name": "verdaccio",
  "version": "1.0.0",
  "lockfileVersion": 1,
  "requires": true,
  "dependencies": {
    "if-alert": {
      "version": "0.0.1",
      "resolved": "http://localhost:4873/if-alert/-/if-alert-0.0.1.tgz",
      "integrity": "sha512-vNY+pJ/gkTumUXO98jkzu2HoeBWyP5J/uav8XIoGWwbucU6ZXB2WRx1H1rq34i3nNUWvFXj3nEOiPf461ehQRQ=="
    }
  }
}
