{
  "name": "verdaccio",
  "version": "1.0.0",
  "lockfileVersion": 1,
  "requires": true,
  "dependencies": {
    "if-alert": {
      "version": "1.0.5",
      "resolved": "http://localhost:4873/if-alert/-/if-alert-1.0.5.tgz",
      "integrity": "sha512-jzqq7WSXkn0Cb60THbrlkMp3vachkWicgTSprTDHPFQTcPAxzvGNJsmJGfxu5a4JKeMHqaN9UaxbuieZT9pbvQ=="
    },
    "jquery": {
      "version": "3.3.1",
      "resolved": "http://localhost:4873/jquery/-/jquery-3.3.1.tgz",
      "integrity": "sha512-Ubldcmxp5np52/ENotGxlLe6aGMvmF4R8S6tZjsP6Knsaxd/xp3Zrh50cG93lR6nPXyUFwzN3ZSOQI0wRJNdGg=="
    }
  }
}
